lockfileVersion: '9.0'

settings:
  autoInstallPeers: true
  excludeLinksFromLockfile: false

importers:

  .:
    dependencies:
      '@effect/cli':
        specifier: ^0.66.12
        version: 0.66.12(@effect/platform@0.87.12(effect@3.16.12))(@effect/printer-ansi@0.44.12(@effect/typeclass@0.35.12(effect@3.16.12))(effect@3.16.12))(@effect/printer@0.44.12(@effect/typeclass@0.35.12(effect@3.16.12))(effect@3.16.12))(effect@3.16.12)
      '@effect/platform':
        specifier: ^0.87.12
        version: 0.87.12(effect@3.16.12)
      '@effect/platform-node':
        specifier: ^0.89.5
        version: 0.89.5(@effect/cluster@0.41.17(@effect/platform@0.87.12(effect@3.16.12))(@effect/rpc@0.64.13(@effect/platform@0.87.12(effect@3.16.12))(effect@3.16.12))(@effect/sql@0.40.13(@effect/experimental@0.51.13(@effect/platform@0.87.12(effect@3.16.12))(effect@3.16.12))(@effect/platform@0.87.12(effect@3.16.12))(effect@3.16.12))(@effect/workflow@0.4.13(@effect/platform@0.87.12(effect@3.16.12))(@effect/rpc@0.64.13(@effect/platform@0.87.12(effect@3.16.12))(effect@3.16.12))(effect@3.16.12))(effect@3.16.12))(@effect/platform@0.87.12(effect@3.16.12))(@effect/rpc@0.64.13(@effect/platform@0.87.12(effect@3.16.12))(effect@3.16.12))(@effect/sql@0.40.13(@effect/experimental@0.51.13(@effect/platform@0.87.12(effect@3.16.12))(effect@3.16.12))(@effect/platform@0.87.12(effect@3.16.12))(effect@3.16.12))(effect@3.16.12)
      effect:
        specifier: ^3.16.12
        version: 3.16.12
    devDependencies:
      '@types/node':
        specifier: ^24.0.13
        version: 24.0.13
      tsx:
        specifier: ^4.20.3
        version: 4.20.3

packages:

  '@effect/cli@0.66.12':
    resolution: {integrity: sha512-fAlZXPjcb3J+7OfbZvZVzkrNGJ44vuLQuRcCO8pX5u1ub4RY9/ikwYe0WfcugbcrvthMF1GEGo3+z10v1upk5g==}
    peerDependencies:
      '@effect/platform': ^0.87.12
      '@effect/printer': ^0.44.12
      '@effect/printer-ansi': ^0.44.12
      effect: ^3.16.12

  '@effect/cluster@0.41.17':
    resolution: {integrity: sha512-VCsyCbTRrYxashuZFWo7IS9RptXB5a7DUXlKJFlxd9swXWMxlvSX4D/KGayJXuWhogyMrQAvmUjC53bxj3Gm/w==}
    peerDependencies:
      '@effect/platform': ^0.87.12
      '@effect/rpc': ^0.64.13
      '@effect/sql': ^0.40.13
      '@effect/workflow': ^0.4.13
      effect: ^3.16.12

  '@effect/experimental@0.51.13':
    resolution: {integrity: sha512-5dqPCO6HT6zLQw2yZaVZgIY4gytr1YQA3ZxfKyXPymKBTyTog0vrQxAiV7KUhXHQLpxvEdmaSisr/S1WUYUBrA==}
    peerDependencies:
      '@effect/platform': ^0.87.12
      effect: ^3.16.12
      ioredis: ^5
      lmdb: ^3
    peerDependenciesMeta:
      ioredis:
        optional: true
      lmdb:
        optional: true

  '@effect/platform-node-shared@0.42.17':
    resolution: {integrity: sha512-FNfR0Wsxru+1GnAyeTkOOOR8+ZsftQsTGcHq736eTv556jAhWVqKyhwDP0eRLZbQ2BjwxEFoAZl1AM8I3yUhNQ==}
    peerDependencies:
      '@effect/cluster': ^0.41.17
      '@effect/platform': ^0.87.12
      '@effect/rpc': ^0.64.13
      '@effect/sql': ^0.40.13
      effect: ^3.16.12

  '@effect/platform-node@0.89.5':
    resolution: {integrity: sha512-WQpggkO5TrwnN/Ry41H/ljdSFCFAp5pqtvhkqgyBepVzQ8XQFUYm78/Ty5t1UBexFzxC4qvFD0sjxlHbck2dmQ==}
    peerDependencies:
      '@effect/cluster': ^0.41.17
      '@effect/platform': ^0.87.12
      '@effect/rpc': ^0.64.13
      '@effect/sql': ^0.40.13
      effect: ^3.16.12

  '@effect/platform@0.87.12':
    resolution: {integrity: sha512-IRYynFjo18wmfTd0FVNAXSC631+gE1yBeBfcOHtPLyMlApjhB31YzaCs+T9kY1cBrE7nZ78lJl0MtHmu1W9Wkw==}
    peerDependencies:
      effect: ^3.16.12

  '@effect/printer-ansi@0.44.12':
    resolution: {integrity: sha512-o/4R1TwDGJS42+oEnQIpFvtZXvEWrvNKofaMhS6I2D+5B5sco6s+kXi0K+E58HlHONflV9yeUXg5vtUh4AfcAg==}
    peerDependencies:
      '@effect/typeclass': ^0.35.12
      effect: ^3.16.12

  '@effect/printer@0.44.12':
    resolution: {integrity: sha512-FvGDfjq6cB/yhNX3PvQNx+aCxzhPqRHjBJ8k+Mv5nrcfGTgepEMLP7ib89o4t/z1pu6Ki+7xo4CU6lwTxmDxhA==}
    peerDependencies:
      '@effect/typeclass': ^0.35.12
      effect: ^3.16.12

  '@effect/rpc@0.64.13':
    resolution: {integrity: sha512-IkrtNFZJcXtZ+3x4iqAa9Lziu/OndyUOCoUfOSIWeARkVw3WGz2ohxxO0YARdRFWNIMWKJZchl1mrX1Jf/Ktsg==}
    peerDependencies:
      '@effect/platform': ^0.87.12
      effect: ^3.16.12

  '@effect/sql@0.40.13':
    resolution: {integrity: sha512-rAE9ofFAHcyN74hIPnAp+Kiu51KovayuLkKnBkAn+WsgCyHgK7Tn4qYJe9Hbqi3E/cRepRCh89zw11IpGbf37g==}
    peerDependencies:
      '@effect/experimental': ^0.51.13
      '@effect/platform': ^0.87.12
      effect: ^3.16.12

  '@effect/typeclass@0.35.12':
    resolution: {integrity: sha512-a0s0MisQnt+dvWXg5W/IFrc6zUScAd6wWrektcGXuIrIo+W2sDn0qLshlEbgI6UhBWMD/kbUA/PhIszXhVddtQ==}
    peerDependencies:
      effect: ^3.16.12

  '@effect/workflow@0.4.13':
    resolution: {integrity: sha512-gXpwVPTN1dUQB9n+RG3wyGl0XtDZjelLF1VJQffG7+WphdhsV4jbQU3p+OVZDTY3PVH5TqaI60tfUxw34OTeuA==}
    peerDependencies:
      '@effect/platform': ^0.87.12
      '@effect/rpc': ^0.64.13
      effect: ^3.16.12

  '@esbuild/aix-ppc64@0.25.6':
    resolution: {integrity: sha512-ShbM/3XxwuxjFiuVBHA+d3j5dyac0aEVVq1oluIDf71hUw0aRF59dV/efUsIwFnR6m8JNM2FjZOzmaZ8yG61kw==}
    engines: {node: '>=18'}
    cpu: [ppc64]
    os: [aix]

  '@esbuild/android-arm64@0.25.6':
    resolution: {integrity: sha512-hd5zdUarsK6strW+3Wxi5qWws+rJhCCbMiC9QZyzoxfk5uHRIE8T287giQxzVpEvCwuJ9Qjg6bEjcRJcgfLqoA==}
    engines: {node: '>=18'}
    cpu: [arm64]
    os: [android]

  '@esbuild/android-arm@0.25.6':
    resolution: {integrity: sha512-S8ToEOVfg++AU/bHwdksHNnyLyVM+eMVAOf6yRKFitnwnbwwPNqKr3srzFRe7nzV69RQKb5DgchIX5pt3L53xg==}
    engines: {node: '>=18'}
    cpu: [arm]
    os: [android]

  '@esbuild/android-x64@0.25.6':
    resolution: {integrity: sha512-0Z7KpHSr3VBIO9A/1wcT3NTy7EB4oNC4upJ5ye3R7taCc2GUdeynSLArnon5G8scPwaU866d3H4BCrE5xLW25A==}
    engines: {node: '>=18'}
    cpu: [x64]
    os: [android]

  '@esbuild/darwin-arm64@0.25.6':
    resolution: {integrity: sha512-FFCssz3XBavjxcFxKsGy2DYK5VSvJqa6y5HXljKzhRZ87LvEi13brPrf/wdyl/BbpbMKJNOr1Sd0jtW4Ge1pAA==}
    engines: {node: '>=18'}
    cpu: [arm64]
    os: [darwin]

  '@esbuild/darwin-x64@0.25.6':
    resolution: {integrity: sha512-GfXs5kry/TkGM2vKqK2oyiLFygJRqKVhawu3+DOCk7OxLy/6jYkWXhlHwOoTb0WqGnWGAS7sooxbZowy+pK9Yg==}
    engines: {node: '>=18'}
    cpu: [x64]
    os: [darwin]

  '@esbuild/freebsd-arm64@0.25.6':
    resolution: {integrity: sha512-aoLF2c3OvDn2XDTRvn8hN6DRzVVpDlj2B/F66clWd/FHLiHaG3aVZjxQX2DYphA5y/evbdGvC6Us13tvyt4pWg==}
    engines: {node: '>=18'}
    cpu: [arm64]
    os: [freebsd]

  '@esbuild/freebsd-x64@0.25.6':
    resolution: {integrity: sha512-2SkqTjTSo2dYi/jzFbU9Plt1vk0+nNg8YC8rOXXea+iA3hfNJWebKYPs3xnOUf9+ZWhKAaxnQNUf2X9LOpeiMQ==}
    engines: {node: '>=18'}
    cpu: [x64]
    os: [freebsd]

  '@esbuild/linux-arm64@0.25.6':
    resolution: {integrity: sha512-b967hU0gqKd9Drsh/UuAm21Khpoh6mPBSgz8mKRq4P5mVK8bpA+hQzmm/ZwGVULSNBzKdZPQBRT3+WuVavcWsQ==}
    engines: {node: '>=18'}
    cpu: [arm64]
    os: [linux]

  '@esbuild/linux-arm@0.25.6':
    resolution: {integrity: sha512-SZHQlzvqv4Du5PrKE2faN0qlbsaW/3QQfUUc6yO2EjFcA83xnwm91UbEEVx4ApZ9Z5oG8Bxz4qPE+HFwtVcfyw==}
    engines: {node: '>=18'}
    cpu: [arm]
    os: [linux]

  '@esbuild/linux-ia32@0.25.6':
    resolution: {integrity: sha512-aHWdQ2AAltRkLPOsKdi3xv0mZ8fUGPdlKEjIEhxCPm5yKEThcUjHpWB1idN74lfXGnZ5SULQSgtr5Qos5B0bPw==}
    engines: {node: '>=18'}
    cpu: [ia32]
    os: [linux]

  '@esbuild/linux-loong64@0.25.6':
    resolution: {integrity: sha512-VgKCsHdXRSQ7E1+QXGdRPlQ/e08bN6WMQb27/TMfV+vPjjTImuT9PmLXupRlC90S1JeNNW5lzkAEO/McKeJ2yg==}
    engines: {node: '>=18'}
    cpu: [loong64]
    os: [linux]

  '@esbuild/linux-mips64el@0.25.6':
    resolution: {integrity: sha512-WViNlpivRKT9/py3kCmkHnn44GkGXVdXfdc4drNmRl15zVQ2+D2uFwdlGh6IuK5AAnGTo2qPB1Djppj+t78rzw==}
    engines: {node: '>=18'}
    cpu: [mips64el]
    os: [linux]

  '@esbuild/linux-ppc64@0.25.6':
    resolution: {integrity: sha512-wyYKZ9NTdmAMb5730I38lBqVu6cKl4ZfYXIs31Baf8aoOtB4xSGi3THmDYt4BTFHk7/EcVixkOV2uZfwU3Q2Jw==}
    engines: {node: '>=18'}
    cpu: [ppc64]
    os: [linux]

  '@esbuild/linux-riscv64@0.25.6':
    resolution: {integrity: sha512-KZh7bAGGcrinEj4qzilJ4hqTY3Dg2U82c8bv+e1xqNqZCrCyc+TL9AUEn5WGKDzm3CfC5RODE/qc96OcbIe33w==}
    engines: {node: '>=18'}
    cpu: [riscv64]
    os: [linux]

  '@esbuild/linux-s390x@0.25.6':
    resolution: {integrity: sha512-9N1LsTwAuE9oj6lHMyyAM+ucxGiVnEqUdp4v7IaMmrwb06ZTEVCIs3oPPplVsnjPfyjmxwHxHMF8b6vzUVAUGw==}
    engines: {node: '>=18'}
    cpu: [s390x]
    os: [linux]

  '@esbuild/linux-x64@0.25.6':
    resolution: {integrity: sha512-A6bJB41b4lKFWRKNrWoP2LHsjVzNiaurf7wyj/XtFNTsnPuxwEBWHLty+ZE0dWBKuSK1fvKgrKaNjBS7qbFKig==}
    engines: {node: '>=18'}
    cpu: [x64]
    os: [linux]

  '@esbuild/netbsd-arm64@0.25.6':
    resolution: {integrity: sha512-IjA+DcwoVpjEvyxZddDqBY+uJ2Snc6duLpjmkXm/v4xuS3H+3FkLZlDm9ZsAbF9rsfP3zeA0/ArNDORZgrxR/Q==}
    engines: {node: '>=18'}
    cpu: [arm64]
    os: [netbsd]

  '@esbuild/netbsd-x64@0.25.6':
    resolution: {integrity: sha512-dUXuZr5WenIDlMHdMkvDc1FAu4xdWixTCRgP7RQLBOkkGgwuuzaGSYcOpW4jFxzpzL1ejb8yF620UxAqnBrR9g==}
    engines: {node: '>=18'}
    cpu: [x64]
    os: [netbsd]

  '@esbuild/openbsd-arm64@0.25.6':
    resolution: {integrity: sha512-l8ZCvXP0tbTJ3iaqdNf3pjaOSd5ex/e6/omLIQCVBLmHTlfXW3zAxQ4fnDmPLOB1x9xrcSi/xtCWFwCZRIaEwg==}
    engines: {node: '>=18'}
    cpu: [arm64]
    os: [openbsd]

  '@esbuild/openbsd-x64@0.25.6':
    resolution: {integrity: sha512-hKrmDa0aOFOr71KQ/19JC7az1P0GWtCN1t2ahYAf4O007DHZt/dW8ym5+CUdJhQ/qkZmI1HAF8KkJbEFtCL7gw==}
    engines: {node: '>=18'}
    cpu: [x64]
    os: [openbsd]

  '@esbuild/openharmony-arm64@0.25.6':
    resolution: {integrity: sha512-+SqBcAWoB1fYKmpWoQP4pGtx+pUUC//RNYhFdbcSA16617cchuryuhOCRpPsjCblKukAckWsV+aQ3UKT/RMPcA==}
    engines: {node: '>=18'}
    cpu: [arm64]
    os: [openharmony]

  '@esbuild/sunos-x64@0.25.6':
    resolution: {integrity: sha512-dyCGxv1/Br7MiSC42qinGL8KkG4kX0pEsdb0+TKhmJZgCUDBGmyo1/ArCjNGiOLiIAgdbWgmWgib4HoCi5t7kA==}
    engines: {node: '>=18'}
    cpu: [x64]
    os: [sunos]

  '@esbuild/win32-arm64@0.25.6':
    resolution: {integrity: sha512-42QOgcZeZOvXfsCBJF5Afw73t4veOId//XD3i+/9gSkhSV6Gk3VPlWncctI+JcOyERv85FUo7RxuxGy+z8A43Q==}
    engines: {node: '>=18'}
    cpu: [arm64]
    os: [win32]

  '@esbuild/win32-ia32@0.25.6':
    resolution: {integrity: sha512-4AWhgXmDuYN7rJI6ORB+uU9DHLq/erBbuMoAuB4VWJTu5KtCgcKYPynF0YI1VkBNuEfjNlLrFr9KZPJzrtLkrQ==}
    engines: {node: '>=18'}
    cpu: [ia32]
    os: [win32]

  '@esbuild/win32-x64@0.25.6':
    resolution: {integrity: sha512-NgJPHHbEpLQgDH2MjQu90pzW/5vvXIZ7KOnPyNBm92A6WgZ/7b6fJyUBjoumLqeOQQGqY2QjQxRo97ah4Sj0cA==}
    engines: {node: '>=18'}
    cpu: [x64]
    os: [win32]

  '@msgpackr-extract/msgpackr-extract-darwin-arm64@3.0.3':
    resolution: {integrity: sha512-QZHtlVgbAdy2zAqNA9Gu1UpIuI8Xvsd1v8ic6B2pZmeFnFcMWiPLfWXh7TVw4eGEZ/C9TH281KwhVoeQUKbyjw==}
    cpu: [arm64]
    os: [darwin]

  '@msgpackr-extract/msgpackr-extract-darwin-x64@3.0.3':
    resolution: {integrity: sha512-mdzd3AVzYKuUmiWOQ8GNhl64/IoFGol569zNRdkLReh6LRLHOXxU4U8eq0JwaD8iFHdVGqSy4IjFL4reoWCDFw==}
    cpu: [x64]
    os: [darwin]

  '@msgpackr-extract/msgpackr-extract-linux-arm64@3.0.3':
    resolution: {integrity: sha512-YxQL+ax0XqBJDZiKimS2XQaf+2wDGVa1enVRGzEvLLVFeqa5kx2bWbtcSXgsxjQB7nRqqIGFIcLteF/sHeVtQg==}
    cpu: [arm64]
    os: [linux]

  '@msgpackr-extract/msgpackr-extract-linux-arm@3.0.3':
    resolution: {integrity: sha512-fg0uy/dG/nZEXfYilKoRe7yALaNmHoYeIoJuJ7KJ+YyU2bvY8vPv27f7UKhGRpY6euFYqEVhxCFZgAUNQBM3nw==}
    cpu: [arm]
    os: [linux]

  '@msgpackr-extract/msgpackr-extract-linux-x64@3.0.3':
    resolution: {integrity: sha512-cvwNfbP07pKUfq1uH+S6KJ7dT9K8WOE4ZiAcsrSes+UY55E/0jLYc+vq+DO7jlmqRb5zAggExKm0H7O/CBaesg==}
    cpu: [x64]
    os: [linux]

  '@msgpackr-extract/msgpackr-extract-win32-x64@3.0.3':
    resolution: {integrity: sha512-x0fWaQtYp4E6sktbsdAqnehxDgEc/VwM7uLsRCYWaiGu0ykYdZPiS8zCWdnjHwyiumousxfBm4SO31eXqwEZhQ==}
    cpu: [x64]
    os: [win32]

  '@opentelemetry/semantic-conventions@1.36.0':
    resolution: {integrity: sha512-TtxJSRD8Ohxp6bKkhrm27JRHAxPczQA7idtcTOMYI+wQRRrfgqxHv1cFbCApcSnNjtXkmzFozn6jQtFrOmbjPQ==}
    engines: {node: '>=14'}

  '@parcel/watcher-android-arm64@2.5.1':
    resolution: {integrity: sha512-KF8+j9nNbUN8vzOFDpRMsaKBHZ/mcjEjMToVMJOhTozkDonQFFrRcfdLWn6yWKCmJKmdVxSgHiYvTCef4/qcBA==}
    engines: {node: '>= 10.0.0'}
    cpu: [arm64]
    os: [android]

  '@parcel/watcher-darwin-arm64@2.5.1':
    resolution: {integrity: sha512-eAzPv5osDmZyBhou8PoF4i6RQXAfeKL9tjb3QzYuccXFMQU0ruIc/POh30ePnaOyD1UXdlKguHBmsTs53tVoPw==}
    engines: {node: '>= 10.0.0'}
    cpu: [arm64]
    os: [darwin]

  '@parcel/watcher-darwin-x64@2.5.1':
    resolution: {integrity: sha512-1ZXDthrnNmwv10A0/3AJNZ9JGlzrF82i3gNQcWOzd7nJ8aj+ILyW1MTxVk35Db0u91oD5Nlk9MBiujMlwmeXZg==}
    engines: {node: '>= 10.0.0'}
    cpu: [x64]
    os: [darwin]

  '@parcel/watcher-freebsd-x64@2.5.1':
    resolution: {integrity: sha512-SI4eljM7Flp9yPuKi8W0ird8TI/JK6CSxju3NojVI6BjHsTyK7zxA9urjVjEKJ5MBYC+bLmMcbAWlZ+rFkLpJQ==}
    engines: {node: '>= 10.0.0'}
    cpu: [x64]
    os: [freebsd]

  '@parcel/watcher-linux-arm-glibc@2.5.1':
    resolution: {integrity: sha512-RCdZlEyTs8geyBkkcnPWvtXLY44BCeZKmGYRtSgtwwnHR4dxfHRG3gR99XdMEdQ7KeiDdasJwwvNSF5jKtDwdA==}
    engines: {node: '>= 10.0.0'}
    cpu: [arm]
    os: [linux]

  '@parcel/watcher-linux-arm-musl@2.5.1':
    resolution: {integrity: sha512-6E+m/Mm1t1yhB8X412stiKFG3XykmgdIOqhjWj+VL8oHkKABfu/gjFj8DvLrYVHSBNC+/u5PeNrujiSQ1zwd1Q==}
    engines: {node: '>= 10.0.0'}
    cpu: [arm]
    os: [linux]

  '@parcel/watcher-linux-arm64-glibc@2.5.1':
    resolution: {integrity: sha512-LrGp+f02yU3BN9A+DGuY3v3bmnFUggAITBGriZHUREfNEzZh/GO06FF5u2kx8x+GBEUYfyTGamol4j3m9ANe8w==}
    engines: {node: '>= 10.0.0'}
    cpu: [arm64]
    os: [linux]

  '@parcel/watcher-linux-arm64-musl@2.5.1':
    resolution: {integrity: sha512-cFOjABi92pMYRXS7AcQv9/M1YuKRw8SZniCDw0ssQb/noPkRzA+HBDkwmyOJYp5wXcsTrhxO0zq1U11cK9jsFg==}
    engines: {node: '>= 10.0.0'}
    cpu: [arm64]
    os: [linux]

  '@parcel/watcher-linux-x64-glibc@2.5.1':
    resolution: {integrity: sha512-GcESn8NZySmfwlTsIur+49yDqSny2IhPeZfXunQi48DMugKeZ7uy1FX83pO0X22sHntJ4Ub+9k34XQCX+oHt2A==}
    engines: {node: '>= 10.0.0'}
    cpu: [x64]
    os: [linux]

  '@parcel/watcher-linux-x64-musl@2.5.1':
    resolution: {integrity: sha512-n0E2EQbatQ3bXhcH2D1XIAANAcTZkQICBPVaxMeaCVBtOpBZpWJuf7LwyWPSBDITb7In8mqQgJ7gH8CILCURXg==}
    engines: {node: '>= 10.0.0'}
    cpu: [x64]
    os: [linux]

  '@parcel/watcher-win32-arm64@2.5.1':
    resolution: {integrity: sha512-RFzklRvmc3PkjKjry3hLF9wD7ppR4AKcWNzH7kXR7GUe0Igb3Nz8fyPwtZCSquGrhU5HhUNDr/mKBqj7tqA2Vw==}
    engines: {node: '>= 10.0.0'}
    cpu: [arm64]
    os: [win32]

  '@parcel/watcher-win32-ia32@2.5.1':
    resolution: {integrity: sha512-c2KkcVN+NJmuA7CGlaGD1qJh1cLfDnQsHjE89E60vUEMlqduHGCdCLJCID5geFVM0dOtA3ZiIO8BoEQmzQVfpQ==}
    engines: {node: '>= 10.0.0'}
    cpu: [ia32]
    os: [win32]

  '@parcel/watcher-win32-x64@2.5.1':
    resolution: {integrity: sha512-9lHBdJITeNR++EvSQVUcaZoWupyHfXe1jZvGZ06O/5MflPcuPLtEphScIBL+AiCWBO46tDSHzWyD0uDmmZqsgA==}
    engines: {node: '>= 10.0.0'}
    cpu: [x64]
    os: [win32]

  '@parcel/watcher@2.5.1':
    resolution: {integrity: sha512-dfUnCxiN9H4ap84DvD2ubjw+3vUNpstxa0TneY/Paat8a3R4uQZDLSvWjmznAY/DoahqTHl9V46HF/Zs3F29pg==}
    engines: {node: '>= 10.0.0'}

  '@standard-schema/spec@1.0.0':
    resolution: {integrity: sha512-m2bOd0f2RT9k8QJx1JN85cZYyH1RqFBdlwtkSlf4tBDYLCiiZnv1fIIwacK6cqwXavOydf0NPToMQgpKq+dVlA==}

  '@types/node@24.0.13':
    resolution: {integrity: sha512-Qm9OYVOFHFYg3wJoTSrz80hoec5Lia/dPp84do3X7dZvLikQvM1YpmvTBEdIr/e+U8HTkFjLHLnl78K/qjf+jQ==}

  braces@3.0.3:
    resolution: {integrity: sha512-yQbXgO/OSZVD2IsiLlro+7Hf6Q18EJrKSEsdoMzKePKXct3gvD8oLcOQdIzGupr5Fj+EDe8gO/lxc1BzfMpxvA==}
    engines: {node: '>=8'}

  detect-libc@1.0.3:
    resolution: {integrity: sha512-pGjwhsmsp4kL2RTz08wcOlGN83otlqHeD/Z5T8GXZB+/YcpQ/dgo+lbU8ZsGxV0HIvqqxo9l7mqYwyYMD9bKDg==}
    engines: {node: '>=0.10'}
    hasBin: true

  detect-libc@2.0.4:
    resolution: {integrity: sha512-3UDv+G9CsCKO1WKMGw9fwq/SWJYbI0c5Y7LU1AXYoDdbhE2AHQ6N6Nb34sG8Fj7T5APy8qXDCKuuIHd1BR0tVA==}
    engines: {node: '>=8'}

  effect@3.16.12:
    resolution: {integrity: sha512-N39iBk0K71F9nb442TLbTkjl24FLUzuvx2i1I2RsEAQsdAdUTuUoW0vlfUXgkMTUOnYqKnWcFfqw4hK4Pw27hg==}

  esbuild@0.25.6:
    resolution: {integrity: sha512-GVuzuUwtdsghE3ocJ9Bs8PNoF13HNQ5TXbEi2AhvVb8xU1Iwt9Fos9FEamfoee+u/TOsn7GUWc04lz46n2bbTg==}
    engines: {node: '>=18'}
    hasBin: true

  fast-check@3.23.2:
    resolution: {integrity: sha512-h5+1OzzfCC3Ef7VbtKdcv7zsstUQwUDlYpUTvjeUsJAssPgLn7QzbboPtL5ro04Mq0rPOsMzl7q5hIbRs2wD1A==}
    engines: {node: '>=8.0.0'}

  fill-range@7.1.1:
    resolution: {integrity: sha512-YsGpe3WHLK8ZYi4tWDg2Jy3ebRz2rXowDxnld4bkQB00cc/1Zw9AWnC0i9ztDJitivtQvaI9KaLyKrc+hBW0yg==}
    engines: {node: '>=8'}

  find-my-way-ts@0.1.6:
    resolution: {integrity: sha512-a85L9ZoXtNAey3Y6Z+eBWW658kO/MwR7zIafkIUPUMf3isZG0NCs2pjW2wtjxAKuJPxMAsHUIP4ZPGv0o5gyTA==}

  fsevents@2.3.3:
    resolution: {integrity: sha512-5xoDfX+fL7faATnagmWPpbFtwh/R77WmMMqqHGS65C3vvB0YHrgF+B1YmZ3441tMj5n63k0212XNoJwzlhffQw==}
    engines: {node: ^8.16.0 || ^10.6.0 || >=11.0.0}
    os: [darwin]

  get-tsconfig@4.10.1:
    resolution: {integrity: sha512-auHyJ4AgMz7vgS8Hp3N6HXSmlMdUyhSUrfBF16w153rxtLIEOE+HGqaBppczZvnHLqQJfiHotCYpNhl0lUROFQ==}

  ini@4.1.3:
    resolution: {integrity: sha512-X7rqawQBvfdjS10YU1y1YVreA3SsLrW9dX2CewP2EbBJM4ypVNLDkO5y04gejPwKIY9lR+7r9gn3rFPt/kmWFg==}
    engines: {node: ^14.17.0 || ^16.13.0 || >=18.0.0}

  is-extglob@2.1.1:
    resolution: {integrity: sha512-SbKbANkN603Vi4jEZv49LeVJMn4yGwsbzZworEoyEiutsN3nJYdbO36zfhGJ6QEDpOZIFkDtnq5JRxmvl3jsoQ==}
    engines: {node: '>=0.10.0'}

  is-glob@4.0.3:
    resolution: {integrity: sha512-xelSayHH36ZgE7ZWhli7pW34hNbNl8Ojv5KVmkJD4hBdD3th8Tfk9vYasLM+mXWOZhFkgZfxhLSnrwRr4elSSg==}
    engines: {node: '>=0.10.0'}

  is-number@7.0.0:
    resolution: {integrity: sha512-41Cifkg6e8TylSpdtTpeLVMqvSBEVzTttHvERD741+pnZ8ANv0004MRL43QKPDlK9cGvNp6NZWZUBlbGXYxxng==}
    engines: {node: '>=0.12.0'}

  micromatch@4.0.8:
    resolution: {integrity: sha512-PXwfBhYu0hBCPw8Dn0E+WDYb7af3dSLVWKi3HGv84IdF4TyFoC0ysxFd0Goxw7nSv4T/PzEJQxsYsEiFCKo2BA==}
    engines: {node: '>=8.6'}

  mime@3.0.0:
    resolution: {integrity: sha512-jSCU7/VB1loIWBZe14aEYHU/+1UMEHoaO7qxCOVJOw9GgH72VAWppxNcjU+x9a2k3GSIBXNKxXQFqRvvZ7vr3A==}
    engines: {node: '>=10.0.0'}
    hasBin: true

  msgpackr-extract@3.0.3:
    resolution: {integrity: sha512-P0efT1C9jIdVRefqjzOQ9Xml57zpOXnIuS+csaB4MdZbTdmGDLo8XhzBG1N7aO11gKDDkJvBLULeFTo46wwreA==}
    hasBin: true

  msgpackr@1.11.4:
    resolution: {integrity: sha512-uaff7RG9VIC4jacFW9xzL3jc0iM32DNHe4jYVycBcjUePT/Klnfj7pqtWJt9khvDFizmjN2TlYniYmSS2LIaZg==}

  multipasta@0.2.5:
    resolution: {integrity: sha512-c8eMDb1WwZcE02WVjHoOmUVk7fnKU/RmUcosHACglrWAuPQsEJv+E8430sXj6jNc1jHw0zrS16aCjQh4BcEb4A==}

  node-addon-api@7.1.1:
    resolution: {integrity: sha512-5m3bsyrjFWE1xf7nz7YXdN4udnVtXK6/Yfgn5qnahL6bCkf2yKt4k3nuTKAtT4r3IG8JNR2ncsIMdZuAzJjHQQ==}

  node-gyp-build-optional-packages@5.2.2:
    resolution: {integrity: sha512-s+w+rBWnpTMwSFbaE0UXsRlg7hU4FjekKU4eyAih5T8nJuNZT1nNsskXpxmeqSK9UzkBl6UgRlnKc8hz8IEqOw==}
    hasBin: true

  picomatch@2.3.1:
    resolution: {integrity: sha512-JU3teHTNjmE2VCGFzuY8EXzCDVwEqB2a8fsIvwaStHhAWJEeVd1o1QD80CU6+ZdEXXSLbSsuLwJjkCBWqRQUVA==}
    engines: {node: '>=8.6'}

  pure-rand@6.1.0:
    resolution: {integrity: sha512-bVWawvoZoBYpp6yIoQtQXHZjmz35RSVHnUOTefl8Vcjr8snTPY1wnpSPMWekcFwbxI6gtmT7rSYPFvz71ldiOA==}

  resolve-pkg-maps@1.0.0:
    resolution: {integrity: sha512-seS2Tj26TBVOC2NIc2rOe2y2ZO7efxITtLZcGSOnHHNOQ7CkiUBfw0Iw2ck6xkIhPwLhKNLS8BO+hEpngQlqzw==}

  to-regex-range@5.0.1:
    resolution: {integrity: sha512-65P7iz6X5yEr1cwcgvQxbbIw7Uk3gOy5dIdtZ4rDveLqhrdJP+Li/Hx6tyK0NEb+2GCyneCMJiGqrADCSNk8sQ==}
    engines: {node: '>=8.0'}

  toml@3.0.0:
    resolution: {integrity: sha512-y/mWCZinnvxjTKYhJ+pYxwD0mRLVvOtdS2Awbgxln6iEnt4rk0yBxeSBHkGJcPucRiG0e55mwWp+g/05rsrd6w==}

  tsx@4.20.3:
    resolution: {integrity: sha512-qjbnuR9Tr+FJOMBqJCW5ehvIo/buZq7vH7qD7JziU98h6l3qGy0a/yPFjwO+y0/T7GFpNgNAvEcPPVfyT8rrPQ==}
    engines: {node: '>=18.0.0'}
    hasBin: true

  undici-types@7.8.0:
    resolution: {integrity: sha512-9UJ2xGDvQ43tYyVMpuHlsgApydB8ZKfVYTsLDhXkFL/6gfkp+U8xTGdh8pMJv1SpZna0zxG1DwsKZsreLbXBxw==}

  undici@7.11.0:
    resolution: {integrity: sha512-heTSIac3iLhsmZhUCjyS3JQEkZELateufzZuBaVM5RHXdSBMb1LPMQf5x+FH7qjsZYDP0ttAc3nnVpUB+wYbOg==}
    engines: {node: '>=20.18.1'}

  uuid@11.1.0:
    resolution: {integrity: sha512-0/A9rDy9P7cJ+8w1c9WD9V//9Wj15Ce2MPz8Ri6032usz+NfePxx5AcN3bN+r6ZL6jEo066/yNYB3tn4pQEx+A==}
    hasBin: true

  ws@8.18.3:
    resolution: {integrity: sha512-PEIGCY5tSlUt50cqyMXfCzX+oOPqN0vuGqWzbcJ2xvnkzkq46oOpz7dQaTDBdfICb4N14+GARUDw2XV2N4tvzg==}
    engines: {node: '>=10.0.0'}
    peerDependencies:
      bufferutil: ^4.0.1
      utf-8-validate: '>=5.0.2'
    peerDependenciesMeta:
      bufferutil:
        optional: true
      utf-8-validate:
        optional: true

  yaml@2.8.0:
    resolution: {integrity: sha512-4lLa/EcQCB0cJkyts+FpIRx5G/llPxfP6VQU5KByHEhLxY3IJCH0f0Hy1MHI8sClTvsIb8qwRJ6R/ZdlDJ/leQ==}
    engines: {node: '>= 14.6'}
    hasBin: true

snapshots:

  '@effect/cli@0.66.12(@effect/platform@0.87.12(effect@3.16.12))(@effect/printer-ansi@0.44.12(@effect/typeclass@0.35.12(effect@3.16.12))(effect@3.16.12))(@effect/printer@0.44.12(@effect/typeclass@0.35.12(effect@3.16.12))(effect@3.16.12))(effect@3.16.12)':
    dependencies:
      '@effect/platform': 0.87.12(effect@3.16.12)
      '@effect/printer': 0.44.12(@effect/typeclass@0.35.12(effect@3.16.12))(effect@3.16.12)
      '@effect/printer-ansi': 0.44.12(@effect/typeclass@0.35.12(effect@3.16.12))(effect@3.16.12)
      effect: 3.16.12
      ini: 4.1.3
      toml: 3.0.0
      yaml: 2.8.0

  '@effect/cluster@0.41.17(@effect/platform@0.87.12(effect@3.16.12))(@effect/rpc@0.64.13(@effect/platform@0.87.12(effect@3.16.12))(effect@3.16.12))(@effect/sql@0.40.13(@effect/experimental@0.51.13(@effect/platform@0.87.12(effect@3.16.12))(effect@3.16.12))(@effect/platform@0.87.12(effect@3.16.12))(effect@3.16.12))(@effect/workflow@0.4.13(@effect/platform@0.87.12(effect@3.16.12))(@effect/rpc@0.64.13(@effect/platform@0.87.12(effect@3.16.12))(effect@3.16.12))(effect@3.16.12))(effect@3.16.12)':
    dependencies:
      '@effect/platform': 0.87.12(effect@3.16.12)
      '@effect/rpc': 0.64.13(@effect/platform@0.87.12(effect@3.16.12))(effect@3.16.12)
      '@effect/sql': 0.40.13(@effect/experimental@0.51.13(@effect/platform@0.87.12(effect@3.16.12))(effect@3.16.12))(@effect/platform@0.87.12(effect@3.16.12))(effect@3.16.12)
      '@effect/workflow': 0.4.13(@effect/platform@0.87.12(effect@3.16.12))(@effect/rpc@0.64.13(@effect/platform@0.87.12(effect@3.16.12))(effect@3.16.12))(effect@3.16.12)
      effect: 3.16.12

  '@effect/experimental@0.51.13(@effect/platform@0.87.12(effect@3.16.12))(effect@3.16.12)':
    dependencies:
      '@effect/platform': 0.87.12(effect@3.16.12)
      effect: 3.16.12
      uuid: 11.1.0

  '@effect/platform-node-shared@0.42.17(@effect/cluster@0.41.17(@effect/platform@0.87.12(effect@3.16.12))(@effect/rpc@0.64.13(@effect/platform@0.87.12(effect@3.16.12))(effect@3.16.12))(@effect/sql@0.40.13(@effect/experimental@0.51.13(@effect/platform@0.87.12(effect@3.16.12))(effect@3.16.12))(@effect/platform@0.87.12(effect@3.16.12))(effect@3.16.12))(@effect/workflow@0.4.13(@effect/platform@0.87.12(effect@3.16.12))(@effect/rpc@0.64.13(@effect/platform@0.87.12(effect@3.16.12))(effect@3.16.12))(effect@3.16.12))(effect@3.16.12))(@effect/platform@0.87.12(effect@3.16.12))(@effect/rpc@0.64.13(@effect/platform@0.87.12(effect@3.16.12))(effect@3.16.12))(@effect/sql@0.40.13(@effect/experimental@0.51.13(@effect/platform@0.87.12(effect@3.16.12))(effect@3.16.12))(@effect/platform@0.87.12(effect@3.16.12))(effect@3.16.12))(effect@3.16.12)':
    dependencies:
      '@effect/cluster': 0.41.17(@effect/platform@0.87.12(effect@3.16.12))(@effect/rpc@0.64.13(@effect/platform@0.87.12(effect@3.16.12))(effect@3.16.12))(@effect/sql@0.40.13(@effect/experimental@0.51.13(@effect/platform@0.87.12(effect@3.16.12))(effect@3.16.12))(@effect/platform@0.87.12(effect@3.16.12))(effect@3.16.12))(@effect/workflow@0.4.13(@effect/platform@0.87.12(effect@3.16.12))(@effect/rpc@0.64.13(@effect/platform@0.87.12(effect@3.16.12))(effect@3.16.12))(effect@3.16.12))(effect@3.16.12)
      '@effect/platform': 0.87.12(effect@3.16.12)
      '@effect/rpc': 0.64.13(@effect/platform@0.87.12(effect@3.16.12))(effect@3.16.12)
      '@effect/sql': 0.40.13(@effect/experimental@0.51.13(@effect/platform@0.87.12(effect@3.16.12))(effect@3.16.12))(@effect/platform@0.87.12(effect@3.16.12))(effect@3.16.12)
      '@parcel/watcher': 2.5.1
      effect: 3.16.12
      multipasta: 0.2.5
      ws: 8.18.3
    transitivePeerDependencies:
      - bufferutil
      - utf-8-validate

  '@effect/platform-node@0.89.5(@effect/cluster@0.41.17(@effect/platform@0.87.12(effect@3.16.12))(@effect/rpc@0.64.13(@effect/platform@0.87.12(effect@3.16.12))(effect@3.16.12))(@effect/sql@0.40.13(@effect/experimental@0.51.13(@effect/platform@0.87.12(effect@3.16.12))(effect@3.16.12))(@effect/platform@0.87.12(effect@3.16.12))(effect@3.16.12))(@effect/workflow@0.4.13(@effect/platform@0.87.12(effect@3.16.12))(@effect/rpc@0.64.13(@effect/platform@0.87.12(effect@3.16.12))(effect@3.16.12))(effect@3.16.12))(effect@3.16.12))(@effect/platform@0.87.12(effect@3.16.12))(@effect/rpc@0.64.13(@effect/platform@0.87.12(effect@3.16.12))(effect@3.16.12))(@effect/sql@0.40.13(@effect/experimental@0.51.13(@effect/platform@0.87.12(effect@3.16.12))(effect@3.16.12))(@effect/platform@0.87.12(effect@3.16.12))(effect@3.16.12))(effect@3.16.12)':
    dependencies:
      '@effect/cluster': 0.41.17(@effect/platform@0.87.12(effect@3.16.12))(@effect/rpc@0.64.13(@effect/platform@0.87.12(effect@3.16.12))(effect@3.16.12))(@effect/sql@0.40.13(@effect/experimental@0.51.13(@effect/platform@0.87.12(effect@3.16.12))(effect@3.16.12))(@effect/platform@0.87.12(effect@3.16.12))(effect@3.16.12))(@effect/workflow@0.4.13(@effect/platform@0.87.12(effect@3.16.12))(@effect/rpc@0.64.13(@effect/platform@0.87.12(effect@3.16.12))(effect@3.16.12))(effect@3.16.12))(effect@3.16.12)
      '@effect/platform': 0.87.12(effect@3.16.12)
      '@effect/platform-node-shared': 0.42.17(@effect/cluster@0.41.17(@effect/platform@0.87.12(effect@3.16.12))(@effect/rpc@0.64.13(@effect/platform@0.87.12(effect@3.16.12))(effect@3.16.12))(@effect/sql@0.40.13(@effect/experimental@0.51.13(@effect/platform@0.87.12(effect@3.16.12))(effect@3.16.12))(@effect/platform@0.87.12(effect@3.16.12))(effect@3.16.12))(@effect/workflow@0.4.13(@effect/platform@0.87.12(effect@3.16.12))(@effect/rpc@0.64.13(@effect/platform@0.87.12(effect@3.16.12))(effect@3.16.12))(effect@3.16.12))(effect@3.16.12))(@effect/platform@0.87.12(effect@3.16.12))(@effect/rpc@0.64.13(@effect/platform@0.87.12(effect@3.16.12))(effect@3.16.12))(@effect/sql@0.40.13(@effect/experimental@0.51.13(@effect/platform@0.87.12(effect@3.16.12))(effect@3.16.12))(@effect/platform@0.87.12(effect@3.16.12))(effect@3.16.12))(effect@3.16.12)
      '@effect/rpc': 0.64.13(@effect/platform@0.87.12(effect@3.16.12))(effect@3.16.12)
      '@effect/sql': 0.40.13(@effect/experimental@0.51.13(@effect/platform@0.87.12(effect@3.16.12))(effect@3.16.12))(@effect/platform@0.87.12(effect@3.16.12))(effect@3.16.12)
      effect: 3.16.12
      mime: 3.0.0
      undici: 7.11.0
      ws: 8.18.3
    transitivePeerDependencies:
      - bufferutil
      - utf-8-validate

  '@effect/platform@0.87.12(effect@3.16.12)':
    dependencies:
      effect: 3.16.12
      find-my-way-ts: 0.1.6
      msgpackr: 1.11.4
      multipasta: 0.2.5

  '@effect/printer-ansi@0.44.12(@effect/typeclass@0.35.12(effect@3.16.12))(effect@3.16.12)':
    dependencies:
      '@effect/printer': 0.44.12(@effect/typeclass@0.35.12(effect@3.16.12))(effect@3.16.12)
      '@effect/typeclass': 0.35.12(effect@3.16.12)
      effect: 3.16.12

  '@effect/printer@0.44.12(@effect/typeclass@0.35.12(effect@3.16.12))(effect@3.16.12)':
    dependencies:
      '@effect/typeclass': 0.35.12(effect@3.16.12)
      effect: 3.16.12

  '@effect/rpc@0.64.13(@effect/platform@0.87.12(effect@3.16.12))(effect@3.16.12)':
    dependencies:
      '@effect/platform': 0.87.12(effect@3.16.12)
      effect: 3.16.12

  '@effect/sql@0.40.13(@effect/experimental@0.51.13(@effect/platform@0.87.12(effect@3.16.12))(effect@3.16.12))(@effect/platform@0.87.12(effect@3.16.12))(effect@3.16.12)':
    dependencies:
      '@effect/experimental': 0.51.13(@effect/platform@0.87.12(effect@3.16.12))(effect@3.16.12)
      '@effect/platform': 0.87.12(effect@3.16.12)
      '@opentelemetry/semantic-conventions': 1.36.0
      effect: 3.16.12
      uuid: 11.1.0

  '@effect/typeclass@0.35.12(effect@3.16.12)':
    dependencies:
      effect: 3.16.12

  '@effect/workflow@0.4.13(@effect/platform@0.87.12(effect@3.16.12))(@effect/rpc@0.64.13(@effect/platform@0.87.12(effect@3.16.12))(effect@3.16.12))(effect@3.16.12)':
    dependencies:
      '@effect/platform': 0.87.12(effect@3.16.12)
      '@effect/rpc': 0.64.13(@effect/platform@0.87.12(effect@3.16.12))(effect@3.16.12)
      effect: 3.16.12

  '@esbuild/aix-ppc64@0.25.6':
    optional: true

  '@esbuild/android-arm64@0.25.6':
    optional: true

  '@esbuild/android-arm@0.25.6':
    optional: true

  '@esbuild/android-x64@0.25.6':
    optional: true

  '@esbuild/darwin-arm64@0.25.6':
    optional: true

  '@esbuild/darwin-x64@0.25.6':
    optional: true

  '@esbuild/freebsd-arm64@0.25.6':
    optional: true

  '@esbuild/freebsd-x64@0.25.6':
    optional: true

  '@esbuild/linux-arm64@0.25.6':
    optional: true

  '@esbuild/linux-arm@0.25.6':
    optional: true

  '@esbuild/linux-ia32@0.25.6':
    optional: true

  '@esbuild/linux-loong64@0.25.6':
    optional: true

  '@esbuild/linux-mips64el@0.25.6':
    optional: true

  '@esbuild/linux-ppc64@0.25.6':
    optional: true

  '@esbuild/linux-riscv64@0.25.6':
    optional: true

  '@esbuild/linux-s390x@0.25.6':
    optional: true

  '@esbuild/linux-x64@0.25.6':
    optional: true

  '@esbuild/netbsd-arm64@0.25.6':
    optional: true

  '@esbuild/netbsd-x64@0.25.6':
    optional: true

  '@esbuild/openbsd-arm64@0.25.6':
    optional: true

  '@esbuild/openbsd-x64@0.25.6':
    optional: true

  '@esbuild/openharmony-arm64@0.25.6':
    optional: true

  '@esbuild/sunos-x64@0.25.6':
    optional: true

  '@esbuild/win32-arm64@0.25.6':
    optional: true

  '@esbuild/win32-ia32@0.25.6':
    optional: true

  '@esbuild/win32-x64@0.25.6':
    optional: true

  '@msgpackr-extract/msgpackr-extract-darwin-arm64@3.0.3':
    optional: true

  '@msgpackr-extract/msgpackr-extract-darwin-x64@3.0.3':
    optional: true

  '@msgpackr-extract/msgpackr-extract-linux-arm64@3.0.3':
    optional: true

  '@msgpackr-extract/msgpackr-extract-linux-arm@3.0.3':
    optional: true

  '@msgpackr-extract/msgpackr-extract-linux-x64@3.0.3':
    optional: true

  '@msgpackr-extract/msgpackr-extract-win32-x64@3.0.3':
    optional: true

  '@opentelemetry/semantic-conventions@1.36.0': {}

  '@parcel/watcher-android-arm64@2.5.1':
    optional: true

  '@parcel/watcher-darwin-arm64@2.5.1':
    optional: true

  '@parcel/watcher-darwin-x64@2.5.1':
    optional: true

  '@parcel/watcher-freebsd-x64@2.5.1':
    optional: true

  '@parcel/watcher-linux-arm-glibc@2.5.1':
    optional: true

  '@parcel/watcher-linux-arm-musl@2.5.1':
    optional: true

  '@parcel/watcher-linux-arm64-glibc@2.5.1':
    optional: true

  '@parcel/watcher-linux-arm64-musl@2.5.1':
    optional: true

  '@parcel/watcher-linux-x64-glibc@2.5.1':
    optional: true

  '@parcel/watcher-linux-x64-musl@2.5.1':
    optional: true

  '@parcel/watcher-win32-arm64@2.5.1':
    optional: true

  '@parcel/watcher-win32-ia32@2.5.1':
    optional: true

  '@parcel/watcher-win32-x64@2.5.1':
    optional: true

  '@parcel/watcher@2.5.1':
    dependencies:
      detect-libc: 1.0.3
      is-glob: 4.0.3
      micromatch: 4.0.8
      node-addon-api: 7.1.1
    optionalDependencies:
      '@parcel/watcher-android-arm64': 2.5.1
      '@parcel/watcher-darwin-arm64': 2.5.1
      '@parcel/watcher-darwin-x64': 2.5.1
      '@parcel/watcher-freebsd-x64': 2.5.1
      '@parcel/watcher-linux-arm-glibc': 2.5.1
      '@parcel/watcher-linux-arm-musl': 2.5.1
      '@parcel/watcher-linux-arm64-glibc': 2.5.1
      '@parcel/watcher-linux-arm64-musl': 2.5.1
      '@parcel/watcher-linux-x64-glibc': 2.5.1
      '@parcel/watcher-linux-x64-musl': 2.5.1
      '@parcel/watcher-win32-arm64': 2.5.1
      '@parcel/watcher-win32-ia32': 2.5.1
      '@parcel/watcher-win32-x64': 2.5.1

  '@standard-schema/spec@1.0.0': {}

  '@types/node@24.0.13':
    dependencies:
      undici-types: 7.8.0

  braces@3.0.3:
    dependencies:
      fill-range: 7.1.1

  detect-libc@1.0.3: {}

  detect-libc@2.0.4:
    optional: true

  effect@3.16.12:
    dependencies:
      '@standard-schema/spec': 1.0.0
      fast-check: 3.23.2

  esbuild@0.25.6:
    optionalDependencies:
      '@esbuild/aix-ppc64': 0.25.6
      '@esbuild/android-arm': 0.25.6
      '@esbuild/android-arm64': 0.25.6
      '@esbuild/android-x64': 0.25.6
      '@esbuild/darwin-arm64': 0.25.6
      '@esbuild/darwin-x64': 0.25.6
      '@esbuild/freebsd-arm64': 0.25.6
      '@esbuild/freebsd-x64': 0.25.6
      '@esbuild/linux-arm': 0.25.6
      '@esbuild/linux-arm64': 0.25.6
      '@esbuild/linux-ia32': 0.25.6
      '@esbuild/linux-loong64': 0.25.6
      '@esbuild/linux-mips64el': 0.25.6
      '@esbuild/linux-ppc64': 0.25.6
      '@esbuild/linux-riscv64': 0.25.6
      '@esbuild/linux-s390x': 0.25.6
      '@esbuild/linux-x64': 0.25.6
      '@esbuild/netbsd-arm64': 0.25.6
      '@esbuild/netbsd-x64': 0.25.6
      '@esbuild/openbsd-arm64': 0.25.6
      '@esbuild/openbsd-x64': 0.25.6
      '@esbuild/openharmony-arm64': 0.25.6
      '@esbuild/sunos-x64': 0.25.6
      '@esbuild/win32-arm64': 0.25.6
      '@esbuild/win32-ia32': 0.25.6
      '@esbuild/win32-x64': 0.25.6

  fast-check@3.23.2:
    dependencies:
      pure-rand: 6.1.0

  fill-range@7.1.1:
    dependencies:
      to-regex-range: 5.0.1

  find-my-way-ts@0.1.6: {}

  fsevents@2.3.3:
    optional: true

  get-tsconfig@4.10.1:
    dependencies:
      resolve-pkg-maps: 1.0.0

  ini@4.1.3: {}

  is-extglob@2.1.1: {}

  is-glob@4.0.3:
    dependencies:
      is-extglob: 2.1.1

  is-number@7.0.0: {}

  micromatch@4.0.8:
    dependencies:
      braces: 3.0.3
      picomatch: 2.3.1

  mime@3.0.0: {}

  msgpackr-extract@3.0.3:
    dependencies:
      node-gyp-build-optional-packages: 5.2.2
    optionalDependencies:
      '@msgpackr-extract/msgpackr-extract-darwin-arm64': 3.0.3
      '@msgpackr-extract/msgpackr-extract-darwin-x64': 3.0.3
      '@msgpackr-extract/msgpackr-extract-linux-arm': 3.0.3
      '@msgpackr-extract/msgpackr-extract-linux-arm64': 3.0.3
      '@msgpackr-extract/msgpackr-extract-linux-x64': 3.0.3
      '@msgpackr-extract/msgpackr-extract-win32-x64': 3.0.3
    optional: true

  msgpackr@1.11.4:
    optionalDependencies:
      msgpackr-extract: 3.0.3

  multipasta@0.2.5: {}

  node-addon-api@7.1.1: {}

  node-gyp-build-optional-packages@5.2.2:
    dependencies:
      detect-libc: 2.0.4
    optional: true

  picomatch@2.3.1: {}

  pure-rand@6.1.0: {}

  resolve-pkg-maps@1.0.0: {}

  to-regex-range@5.0.1:
    dependencies:
      is-number: 7.0.0

  toml@3.0.0: {}

  tsx@4.20.3:
    dependencies:
      esbuild: 0.25.6
      get-tsconfig: 4.10.1
    optionalDependencies:
      fsevents: 2.3.3

  undici-types@7.8.0: {}

  undici@7.11.0: {}

  uuid@11.1.0: {}

  ws@8.18.3: {}

  yaml@2.8.0: {}
